schema: '2.0'
stages:
  load_data:
    cmd: python src/load_data.py --config=config/params.yaml
    deps:
    - path: house_prices/train.csv
      hash: md5
      md5: 80ccab65fb115cbad143dbbd2bcd5577
      size: 460676
    - path: src/get_data.py
      hash: md5
      md5: ee5d01fe2319f1485ed3a4468ecf7cf6
      size: 790
    - path: src/load_data.py
      hash: md5
      md5: 86f9274f6012588d5904a5b334802ad7
      size: 654
    outs:
    - path: data/raw/train.csv
      hash: md5
      md5: c05e34fb61fb335139782ab73a5c73bb
      size: 452815
  split_data:
    cmd: python src/split_data.py --config=config/params.yaml
    deps:
    - path: data/raw/train.csv
      hash: md5
      md5: c05e34fb61fb335139782ab73a5c73bb
      size: 452815
    - path: src/split_data.py
      hash: md5
      md5: 1ae88b40e379732e263d612c25f84637
      size: 1159
    outs:
    - path: data/processed/test_house_prices.csv
      hash: md5
      md5: 20b886d1f500671bd3b8adedc4bc4dab
      size: 90995
    - path: data/processed/train_house_prices.csv
      hash: md5
      md5: 9965b8e88fa615e1719b96b853656fea
      size: 362676
