schema: '2.0'
stages:
  load_data:
    cmd: python src/load_data.py --config=params.yaml
    deps:
    - path: house_prices/train.csv
      hash: md5
      md5: 80ccab65fb115cbad143dbbd2bcd5577
      size: 460676
    - path: src/get_data.py
      hash: md5
      md5: 85a6db00abacb41cdd68b2f232d9af49
      size: 753
    - path: src/load_data.py
      hash: md5
      md5: 695c8b3593362d7ceeec91a27e2e1986
      size: 626
    outs:
    - path: data/raw/train.csv
      hash: md5
      md5: 3696fa8204d02c08bc39bc816a423655
      size: 451354
  split_data:
    cmd: python src/split_data.py --config=params.yaml
    deps:
    - path: data/raw/train.csv
      hash: md5
      md5: 3696fa8204d02c08bc39bc816a423655
      size: 451354
    - path: src/split_data.py
      hash: md5
      md5: a1276adb5f4e89cfc30b394d924183f6
      size: 3558
    outs:
    - path: data/processed/test_house_prices.csv
      hash: md5
      md5: b757442c3d976f7da0db1f0ee7c1d1a1
      size: 35287
    - path: data/processed/train_house_prices.csv
      hash: md5
      md5: 7a5bcdcd6c1add66ce230d4704612d5f
      size: 140030
  train_and_evaluate:
    cmd: python src/train_and_evaluate.py --config=params.yaml
    deps:
    - path: data/processed/test_house_prices.csv
      hash: md5
      md5: b757442c3d976f7da0db1f0ee7c1d1a1
      size: 35287
    - path: data/processed/train_house_prices.csv
      hash: md5
      md5: 7a5bcdcd6c1add66ce230d4704612d5f
      size: 140030
    - path: src/train_and_evaluate.py
      hash: md5
      md5: 48244376620152e527acaabcc54ceb1d
      size: 4030
    params:
      params.yaml:
        estimators.RandomForestRegressor.params.max_depth: 25
        estimators.RandomForestRegressor.params.max_features: 0.6
        estimators.RandomForestRegressor.params.min_samples_split: 5
        estimators.RandomForestRegressor.params.n_estimators: 180
